# THIS IS AN AUTOGENERATED FILE. DO NOT EDIT THIS FILE DIRECTLY.
# yarn lockfile v1


"@element-plus/icons@^0.0.11":
  version "0.0.11"
  resolved "https://registry.yarnpkg.com/@element-plus/icons/-/icons-0.0.11.tgz#9b187c002774548b911850d17fa5fc2f9a515f57"
  integrity sha512-iKQXSxXu131Ai+I9Ymtcof9WId7kaXvB1+WRfAfpQCW7UiAMYgdNDqb/u0hgTo2Yq3MwC4MWJnNuTBEpG8r7+A==

"@popperjs/core@^2.10.2":
  version "2.10.2"
  resolved "https://registry.yarnpkg.com/@popperjs/core/-/core-2.10.2.tgz#0798c03351f0dea1a5a4cabddf26a55a7cbee590"
  integrity sha512-IXf3XA7+XyN7CP9gGh/XB0UxVMlvARGEgGXLubFICsUMGz6Q+DU+i4gGlpOxTjKvXjkJDJC8YdqdKkDj9qZHEQ==

"@vueuse/core@^6.7.3":
  version "6.9.2"
  resolved "https://registry.yarnpkg.com/@vueuse/core/-/core-6.9.2.tgz#76b16d01f33cf367dd1a2d7f2e31d106443ceb8a"
  integrity sha512-FRwl4ccSFuHZBHLGgS9TMv/+Dd6XFaL4o9nph2qtgQIV+z29RBFokw08XjHfykiENRzB01MjYHJ7iRUnsIFQXg==
  dependencies:
    "@vueuse/shared" "6.9.2"
    vue-demi "*"

"@vueuse/shared@6.9.2":
  version "6.9.2"
  resolved "https://registry.yarnpkg.com/@vueuse/shared/-/shared-6.9.2.tgz#97e4369fa7262ebc96fe1d6e210268f30b037005"
  integrity sha512-lAiMh6XROs0kSKVd0Yb/6GKoQMxC1fYrFDi6opvQWISPtcqRNluRrQxLUZ3WTI78ovtoKRLktjhkFAtydcfFDg==
  dependencies:
    vue-demi "*"

async-validator@^4.0.7:
  version "4.0.7"
  resolved "https://registry.yarnpkg.com/async-validator/-/async-validator-4.0.7.tgz#034a0fd2103a6b2ebf010da75183bec299247afe"
  integrity sha512-Pj2IR7u8hmUEDOwB++su6baaRi+QvsgajuFB9j95foM1N2gy5HM4z60hfusIO0fBPG5uLAEl6yCJr1jNSVugEQ==

dayjs@^1.10.7:
  version "1.10.7"
  resolved "https://registry.yarnpkg.com/dayjs/-/dayjs-1.10.7.tgz#2cf5f91add28116748440866a0a1d26f3a6ce468"
  integrity sha512-P6twpd70BcPK34K26uJ1KT3wlhpuOAPoMwJzpsIWUxHZ7wpmbdZL/hQqBDfz7hGurYSa5PhzdhDHtt319hL3ig==

element-plus@^1.2.0-beta.3:
  version "1.2.0-beta.3"
  resolved "https://registry.yarnpkg.com/element-plus/-/element-plus-1.2.0-beta.3.tgz#0ded059e6c8ddc6f5d9dcdf32e1b7ed44ac38099"
  integrity sha512-vvUxR3uL2k9K+WCWz/98hq4uPQ6jvfGf0hfzWvao7pySJkNQq9DtRPC6/4/zUceA/J6Y2Yo3xSbR19JRCwurRw==
  dependencies:
    "@element-plus/icons" "^0.0.11"
    "@popperjs/core" "^2.10.2"
    "@vueuse/core" "^6.7.3"
    async-validator "^4.0.7"
    dayjs "^1.10.7"
    lodash "^4.17.21"
    memoize-one "^6.0.0"
    normalize-wheel-es "^1.1.0"

lodash@^4.17.21:
  version "4.17.21"
  resolved "https://registry.yarnpkg.com/lodash/-/lodash-4.17.21.tgz#679591c564c3bffaae8454cf0b3df370c3d6911c"
  integrity sha512-v2kDEe57lecTulaDIuNTPy3Ry4gLGJ6Z1O3vE1krgXZNrsQ+LFTGHVxVjcXPs17LhbZVGedAJv8XZ1tvj5FvSg==

memoize-one@^6.0.0:
  version "6.0.0"
  resolved "https://registry.yarnpkg.com/memoize-one/-/memoize-one-6.0.0.tgz#b2591b871ed82948aee4727dc6abceeeac8c1045"
  integrity sha512-rkpe71W0N0c0Xz6QD0eJETuWAJGnJ9afsl1srmwPrI+yBCkge5EycXXbYRyvL29zZVUWQCY7InPRCv3GDXuZNw==

normalize-wheel-es@^1.1.0:
  version "1.1.1"
  resolved "https://registry.yarnpkg.com/normalize-wheel-es/-/normalize-wheel-es-1.1.1.tgz#a8096db6a56f94332d884fd8ebeda88f2fc79569"
  integrity sha512-157VNH4CngrcsvF8xOVOe22cwniIR3nxSltdctvQeHZj8JttEeOXffK28jucWfWBXs0QNetAumjc1GiInnwX4w==

vue-demi@*:
  version "0.12.1"
  resolved "https://registry.yarnpkg.com/vue-demi/-/vue-demi-0.12.1.tgz#f7e18efbecffd11ab069d1472d7a06e319b4174c"
  integrity sha512-QL3ny+wX8c6Xm1/EZylbgzdoDolye+VpCXRhI2hug9dJTP3OUJ3lmiKN3CsVV3mOJKwFi0nsstbgob0vG7aoIw==
